{
  "name": "dht",
  "version": "1.0.0",
  "lockfileVersion": 1,
  "requires": true,
  "dependencies": {
    "logg": {
      "version": "file:../logg",
      "requires": {
        "csv-write-stream": "^2.0.0"
      },
      "dependencies": {
        "argparse": {
          "version": "1.0.10",
          "bundled": true,
          "requires": {
            "sprintf-js": "~1.0.2"
          }
        },
        "core-util-is": {
          "version": "1.0.2",
          "bundled": true
        },
        "csv-write-stream": {
          "version": "2.0.0",
          "bundled": true,
          "requires": {
            "argparse": "^1.0.7",
            "generate-object-property": "^1.0.0",
            "ndjson": "^1.3.0"
          }
        },
        "generate-object-property": {
          "version": "1.2.0",
          "bundled": true,
          "requires": {
            "is-property": "^1.0.0"
          }
        },
        "inherits": {
          "version": "2.0.3",
          "bundled": true
        },
        "is-property": {
          "version": "1.0.2",
          "bundled": true
        },
        "isarray": {
          "version": "1.0.0",
          "bundled": true
        },
        "json-stringify-safe": {
          "version": "5.0.1",
          "bundled": true
        },
        "minimist": {
          "version": "1.2.0",
          "bundled": true
        },
        "ndjson": {
          "version": "1.5.0",
          "bundled": true,
          "requires": {
            "json-stringify-safe": "^5.0.1",
            "minimist": "^1.2.0",
            "split2": "^2.1.0",
            "through2": "^2.0.3"
          }
        },
        "process-nextick-args": {
          "version": "2.0.0",
          "bundled": true
        },
        "readable-stream": {
          "version": "2.3.6",
          "bundled": true,
          "requires": {
            "core-util-is": "~1.0.0",
            "inherits": "~2.0.3",
            "isarray": "~1.0.0",
            "process-nextick-args": "~2.0.0",
            "safe-buffer": "~5.1.1",
            "string_decoder": "~1.1.1",
            "util-deprecate": "~1.0.1"
          }
        },
        "safe-buffer": {
          "version": "5.1.2",
          "bundled": true
        },
        "split2": {
          "version": "2.2.0",
          "bundled": true,
          "requires": {
            "through2": "^2.0.2"
          }
        },
        "sprintf-js": {
          "version": "1.0.3",
          "bundled": true
        },
        "string_decoder": {
          "version": "1.1.1",
          "bundled": true,
          "requires": {
            "safe-buffer": "~5.1.0"
          }
        },
        "through2": {
          "version": "2.0.5",
          "bundled": true,
          "requires": {
            "readable-stream": "~2.3.6",
            "xtend": "~4.0.1"
          }
        },
        "util-deprecate": {
          "version": "1.0.2",
          "bundled": true
        },
        "xtend": {
          "version": "4.0.1",
          "bundled": true
        }
      }
    },
    "nan": {
      "version": "2.8.0",
      "resolved": "https://registry.npmjs.org/nan/-/nan-2.8.0.tgz",
      "integrity": "sha1-7XFfP+neArV6XmJS2QqWZ14fCFo="
    },
    "node-dht-sensor": {
      "version": "0.0.34",
      "resolved": "https://registry.npmjs.org/node-dht-sensor/-/node-dht-sensor-0.0.34.tgz",
      "integrity": "sha512-dYyNOdIEBm4v34OjGhrz3JJzXXZ0OTtvaK3fPWo7yFhUkcBFF4THfBf5kxJ8IfQ/StwP5xqFkFP4M1xZM1CtBg==",
      "requires": {
        "nan": "2.8.0"
      }
    }
  }
}
